
Microsoft Visual Studio Solution File, Format Version 12.00
# Visual Studio Version 17
VisualStudioVersion = 17.3.32825.248
MinimumVisualStudioVersion = 10.0.40219.1
Project("{FAE04EC0-301F-11D3-BF4B-00C04F79EFBC}") = "PlaywrightPOM", "PlaywrightPOM\PlaywrightPOM.csproj", "{6DED439B-E8F6-4406-9DCB-D0A71741CFB2}"
EndProject
Global
	GlobalSection(SolutionConfigurationPlatforms) = preSolution
		Debug|Any CPU = Debug|Any CPU
		Release|Any CPU = Release|Any CPU
	EndGlobalSection
	GlobalSection(ProjectConfigurationPlatforms) = postSolution
		{6DED439B-E8F6-4406-9DCB-D0A71741CFB2}.Debug|Any CPU.ActiveCfg = Debug|Any CPU
		{6DED439B-E8F6-4406-9DCB-D0A71741CFB2}.Debug|Any CPU.Build.0 = Debug|Any CPU
		{6DED439B-E8F6-4406-9DCB-D0A71741CFB2}.Release|Any CPU.ActiveCfg = Release|Any CPU
		{6DED439B-E8F6-4406-9DCB-D0A71741CFB2}.Release|Any CPU.Build.0 = Release|Any CPU
	EndGlobalSection
	GlobalSection(SolutionProperties) = preSolution
		HideSolutionNode = FALSE
	EndGlobalSection
	GlobalSection(ExtensibilityGlobals) = postSolution
		SolutionGuid = {FFEF6EE4-EDF4-4DA0-BDE5-8A3AFA9516D4}
	EndGlobalSection
EndGlobal
